Microsoft Visual Studio Solution File, Format Version 12.00
# Visual Studio Version 17
VisualStudioVersion = 17.5.2.0
MinimumVisualStudioVersion = 10.0.40219.1
Project("{FAE04EC0-301F-11D3-BF4B-00C04F79EFBC}") = "GoofyFPS", "GoofyFPS.csproj", "{960BD836-1201-180E-48FB-9508C3F1F8AB}"
EndProject
Global
	GlobalSection(SolutionConfigurationPlatforms) = preSolution
		Debug|Any CPU = Debug|Any CPU
		Release|Any CPU = Release|Any CPU
	EndGlobalSection
	GlobalSection(ProjectConfigurationPlatforms) = postSolution
		{960BD836-1201-180E-48FB-9508C3F1F8AB}.Debug|Any CPU.ActiveCfg = Debug|Any CPU
		{960BD836-1201-180E-48FB-9508C3F1F8AB}.Debug|Any CPU.Build.0 = Debug|Any CPU
		{960BD836-1201-180E-48FB-9508C3F1F8AB}.Release|Any CPU.ActiveCfg = Release|Any CPU
		{960BD836-1201-180E-48FB-9508C3F1F8AB}.Release|Any CPU.Build.0 = Release|Any CPU
	EndGlobalSection
	GlobalSection(SolutionProperties) = preSolution
		HideSolutionNode = FALSE
	EndGlobalSection
	GlobalSection(ExtensibilityGlobals) = postSolution
		SolutionGuid = {B9261458-5431-415A-A9A1-F9B74FB8264E}
	EndGlobalSection
EndGlobal
